
Microsoft Visual Studio Solution File, Format Version 12.00
# Visual Studio Version 17
VisualStudioVersion = 17.5.33627.172
MinimumVisualStudioVersion = 10.0.40219.1
Project("{FAE04EC0-301F-11D3-BF4B-00C04F79EFBC}") = "Live-Safe-v02", "Live-Safe-v02\Live-Safe-v02.csproj", "{ACFFD796-EBA1-4F69-A5B6-94E83D0E81BC}"
EndProject
Global
	GlobalSection(SolutionConfigurationPlatforms) = preSolution
		Debug|Any CPU = Debug|Any CPU
		Release|Any CPU = Release|Any CPU
	EndGlobalSection
	GlobalSection(ProjectConfigurationPlatforms) = postSolution
		{ACFFD796-EBA1-4F69-A5B6-94E83D0E81BC}.Debug|Any CPU.ActiveCfg = Debug|Any CPU
		{ACFFD796-EBA1-4F69-A5B6-94E83D0E81BC}.Debug|Any CPU.Build.0 = Debug|Any CPU
		{ACFFD796-EBA1-4F69-A5B6-94E83D0E81BC}.Release|Any CPU.ActiveCfg = Release|Any CPU
		{ACFFD796-EBA1-4F69-A5B6-94E83D0E81BC}.Release|Any CPU.Build.0 = Release|Any CPU
	EndGlobalSection
	GlobalSection(SolutionProperties) = preSolution
		HideSolutionNode = FALSE
	EndGlobalSection
	GlobalSection(ExtensibilityGlobals) = postSolution
		SolutionGuid = {8C26A3CF-9FD6-4445-9069-E6FA48C0B2D0}
	EndGlobalSection
EndGlobal
